// !$*UTF8*$!
{
	archiveVersion = 1;
	classes = {
	};
	objectVersion = 55;
	objects = {

/* Begin PBXBuildFile section */
		FF2C303E28214A870059F2C3 /* AppDelegate.swift in Sources */ = {isa = PBXBuildFile; fileRef = FF2C303D28214A870059F2C3 /* AppDelegate.swift */; };
		FF2C304028214A870059F2C3 /* SceneDelegate.swift in Sources */ = {isa = PBXBuildFile; fileRef = FF2C303F28214A870059F2C3 /* SceneDelegate.swift */; };
		FF2C304528214A870059F2C3 /* Main.storyboard in Resources */ = {isa = PBXBuildFile; fileRef = FF2C304328214A870059F2C3 /* Main.storyboard */; };
		FF2C304828214A870059F2C3 /* Remember.xcdatamodeld in Sources */ = {isa = PBXBuildFile; fileRef = FF2C304628214A870059F2C3 /* Remember.xcdatamodeld */; };
		FF2C304A28214A8C0059F2C3 /* Assets.xcassets in Resources */ = {isa = PBXBuildFile; fileRef = FF2C304928214A8C0059F2C3 /* Assets.xcassets */; };
		FF2C304D28214A8C0059F2C3 /* LaunchScreen.storyboard in Resources */ = {isa = PBXBuildFile; fileRef = FF2C304B28214A8C0059F2C3 /* LaunchScreen.storyboard */; };
		FF2C3058282155450059F2C3 /* MainVC.swift in Sources */ = {isa = PBXBuildFile; fileRef = FF2C3057282155450059F2C3 /* MainVC.swift */; };
		FF2C305A282155FD0059F2C3 /* CatalogCell.swift in Sources */ = {isa = PBXBuildFile; fileRef = FF2C3059282155FD0059F2C3 /* CatalogCell.swift */; };
		FF798F8C2837C72F004F3C91 /* CreateCatalogVC.swift in Sources */ = {isa = PBXBuildFile; fileRef = FF798F8B2837C72F004F3C91 /* CreateCatalogVC.swift */; };
		FF798F912837C998004F3C91 /* TaskType.swift in Sources */ = {isa = PBXBuildFile; fileRef = FF798F902837C998004F3C91 /* TaskType.swift */; };
		FF798F942837CF60004F3C91 /* PresentDetails.swift in Sources */ = {isa = PBXBuildFile; fileRef = FF798F932837CF60004F3C91 /* PresentDetails.swift */; };
		FF798F962837D2CF004F3C91 /* DataService.swift in Sources */ = {isa = PBXBuildFile; fileRef = FF798F952837D2CF004F3C91 /* DataService.swift */; };
		FF798F982838DA1D004F3C91 /* LittleTaskCell.swift in Sources */ = {isa = PBXBuildFile; fileRef = FF798F972838DA1D004F3C91 /* LittleTaskCell.swift */; };
		FF798F9A28391C3A004F3C91 /* AddNewTaskCell.swift in Sources */ = {isa = PBXBuildFile; fileRef = FF798F9928391C3A004F3C91 /* AddNewTaskCell.swift */; };
		FF798F9C28391CB3004F3C91 /* EditCatalogVC.swift in Sources */ = {isa = PBXBuildFile; fileRef = FF798F9B28391CB3004F3C91 /* EditCatalogVC.swift */; };
		FF798F9E283927AB004F3C91 /* CloseDelegate.swift in Sources */ = {isa = PBXBuildFile; fileRef = FF798F9D283927AB004F3C91 /* CloseDelegate.swift */; };
		FF798FA028393E6C004F3C91 /* EditTaskVC.swift in Sources */ = {isa = PBXBuildFile; fileRef = FF798F9F28393E6C004F3C91 /* EditTaskVC.swift */; };
		FF798FA228396CC9004F3C91 /* CatalogVC.swift in Sources */ = {isa = PBXBuildFile; fileRef = FF798FA128396CC9004F3C91 /* CatalogVC.swift */; };
		FF798FA4283BBB0D004F3C91 /* DeleteTaskDelegate.swift in Sources */ = {isa = PBXBuildFile; fileRef = FF798FA3283BBB0D004F3C91 /* DeleteTaskDelegate.swift */; };
		FF798FA6283D1428004F3C91 /* ExerciseVC.swift in Sources */ = {isa = PBXBuildFile; fileRef = FF798FA5283D1428004F3C91 /* ExerciseVC.swift */; };
		FF798FA9283D1613004F3C91 /* Game.swift in Sources */ = {isa = PBXBuildFile; fileRef = FF798FA8283D1613004F3C91 /* Game.swift */; };
		FF798FAB283D2345004F3C91 /* ShowAlert.swift in Sources */ = {isa = PBXBuildFile; fileRef = FF798FAA283D2345004F3C91 /* ShowAlert.swift */; };
/* End PBXBuildFile section */

/* Begin PBXFileReference section */
		FF2C303A28214A870059F2C3 /* Remember.app */ = {isa = PBXFileReference; explicitFileType = wrapper.application; includeInIndex = 0; path = Remember.app; sourceTree = BUILT_PRODUCTS_DIR; };
		FF2C303D28214A870059F2C3 /* AppDelegate.swift */ = {isa = PBXFileReference; lastKnownFileType = sourcecode.swift; path = AppDelegate.swift; sourceTree = "<group>"; };
		FF2C303F28214A870059F2C3 /* SceneDelegate.swift */ = {isa = PBXFileReference; lastKnownFileType = sourcecode.swift; path = SceneDelegate.swift; sourceTree = "<group>"; };
		FF2C304428214A870059F2C3 /* Base */ = {isa = PBXFileReference; lastKnownFileType = file.storyboard; name = Base; path = Base.lproj/Main.storyboard; sourceTree = "<group>"; };
		FF2C304728214A870059F2C3 /* Remember.xcdatamodel */ = {isa = PBXFileReference; lastKnownFileType = wrapper.xcdatamodel; path = Remember.xcdatamodel; sourceTree = "<group>"; };
		FF2C304928214A8C0059F2C3 /* Assets.xcassets */ = {isa = PBXFileReference; lastKnownFileType = folder.assetcatalog; path = Assets.xcassets; sourceTree = "<group>"; };
		FF2C304C28214A8C0059F2C3 /* Base */ = {isa = PBXFileReference; lastKnownFileType = file.storyboard; name = Base; path = Base.lproj/LaunchScreen.storyboard; sourceTree = "<group>"; };
		FF2C304E28214A8C0059F2C3 /* Info.plist */ = {isa = PBXFileReference; lastKnownFileType = text.plist.xml; path = Info.plist; sourceTree = "<group>"; };
		FF2C3057282155450059F2C3 /* MainVC.swift */ = {isa = PBXFileReference; lastKnownFileType = sourcecode.swift; path = MainVC.swift; sourceTree = "<group>"; };
		FF2C3059282155FD0059F2C3 /* CatalogCell.swift */ = {isa = PBXFileReference; lastKnownFileType = sourcecode.swift; path = CatalogCell.swift; sourceTree = "<group>"; };
		FF798F8B2837C72F004F3C91 /* CreateCatalogVC.swift */ = {isa = PBXFileReference; lastKnownFileType = sourcecode.swift; path = CreateCatalogVC.swift; sourceTree = "<group>"; };
		FF798F902837C998004F3C91 /* TaskType.swift */ = {isa = PBXFileReference; lastKnownFileType = sourcecode.swift; path = TaskType.swift; sourceTree = "<group>"; };
		FF798F932837CF60004F3C91 /* PresentDetails.swift */ = {isa = PBXFileReference; lastKnownFileType = sourcecode.swift; path = PresentDetails.swift; sourceTree = "<group>"; };
		FF798F952837D2CF004F3C91 /* DataService.swift */ = {isa = PBXFileReference; lastKnownFileType = sourcecode.swift; path = DataService.swift; sourceTree = "<group>"; };
		FF798F972838DA1D004F3C91 /* LittleTaskCell.swift */ = {isa = PBXFileReference; lastKnownFileType = sourcecode.swift; path = LittleTaskCell.swift; sourceTree = "<group>"; };
		FF798F9928391C3A004F3C91 /* AddNewTaskCell.swift */ = {isa = PBXFileReference; lastKnownFileType = sourcecode.swift; path = AddNewTaskCell.swift; sourceTree = "<group>"; };
		FF798F9B28391CB3004F3C91 /* EditCatalogVC.swift */ = {isa = PBXFileReference; lastKnownFileType = sourcecode.swift; path = EditCatalogVC.swift; sourceTree = "<group>"; };
		FF798F9D283927AB004F3C91 /* CloseDelegate.swift */ = {isa = PBXFileReference; lastKnownFileType = sourcecode.swift; path = CloseDelegate.swift; sourceTree = "<group>"; };
		FF798F9F28393E6C004F3C91 /* EditTaskVC.swift */ = {isa = PBXFileReference; lastKnownFileType = sourcecode.swift; path = EditTaskVC.swift; sourceTree = "<group>"; };
		FF798FA128396CC9004F3C91 /* CatalogVC.swift */ = {isa = PBXFileReference; lastKnownFileType = sourcecode.swift; path = CatalogVC.swift; sourceTree = "<group>"; };
		FF798FA3283BBB0D004F3C91 /* DeleteTaskDelegate.swift */ = {isa = PBXFileReference; lastKnownFileType = sourcecode.swift; path = DeleteTaskDelegate.swift; sourceTree = "<group>"; };
		FF798FA5283D1428004F3C91 /* ExerciseVC.swift */ = {isa = PBXFileReference; lastKnownFileType = sourcecode.swift; path = ExerciseVC.swift; sourceTree = "<group>"; };
		FF798FA8283D1613004F3C91 /* Game.swift */ = {isa = PBXFileReference; lastKnownFileType = sourcecode.swift; path = Game.swift; sourceTree = "<group>"; };
		FF798FAA283D2345004F3C91 /* ShowAlert.swift */ = {isa = PBXFileReference; lastKnownFileType = sourcecode.swift; path = ShowAlert.swift; sourceTree = "<group>"; };
/* End PBXFileReference section */

/* Begin PBXFrameworksBuildPhase section */
		FF2C303728214A860059F2C3 /* Frameworks */ = {
			isa = PBXFrameworksBuildPhase;
			buildActionMask = 2147483647;
			files = (
			);
			runOnlyForDeploymentPostprocessing = 0;
		};
/* End PBXFrameworksBuildPhase section */

/* Begin PBXGroup section */
		FF2C303128214A860059F2C3 = {
			isa = PBXGroup;
			children = (
				FF2C303C28214A870059F2C3 /* Remember */,
				FF2C303B28214A870059F2C3 /* Products */,
			);
			sourceTree = "<group>";
		};
		FF2C303B28214A870059F2C3 /* Products */ = {
			isa = PBXGroup;
			children = (
				FF2C303A28214A870059F2C3 /* Remember.app */,
			);
			name = Products;
			sourceTree = "<group>";
		};
		FF2C303C28214A870059F2C3 /* Remember */ = {
			isa = PBXGroup;
			children = (
				FF798FA7283D15FD004F3C91 /* Game */,
				FF798F8D2837C927004F3C91 /* Enums */,
				FF2C305628214AD70059F2C3 /* Services */,
				FF2C305528214AB60059F2C3 /* View */,
				FF2C305428214AA80059F2C3 /* Controllers */,
				FF2C303D28214A870059F2C3 /* AppDelegate.swift */,
				FF2C303F28214A870059F2C3 /* SceneDelegate.swift */,
				FF2C304328214A870059F2C3 /* Main.storyboard */,
				FF2C304928214A8C0059F2C3 /* Assets.xcassets */,
				FF2C304B28214A8C0059F2C3 /* LaunchScreen.storyboard */,
				FF2C304E28214A8C0059F2C3 /* Info.plist */,
				FF2C304628214A870059F2C3 /* Remember.xcdatamodeld */,
			);
			path = Remember;
			sourceTree = "<group>";
		};
		FF2C305428214AA80059F2C3 /* Controllers */ = {
			isa = PBXGroup;
			children = (
				FF798F922837CF4C004F3C91 /* Extantions */,
				FF2C3057282155450059F2C3 /* MainVC.swift */,
				FF798F8B2837C72F004F3C91 /* CreateCatalogVC.swift */,
				FF798F9B28391CB3004F3C91 /* EditCatalogVC.swift */,
				FF798F9F28393E6C004F3C91 /* EditTaskVC.swift */,
				FF798FA128396CC9004F3C91 /* CatalogVC.swift */,
				FF798FA5283D1428004F3C91 /* ExerciseVC.swift */,
			);
			path = Controllers;
			sourceTree = "<group>";
		};
		FF2C305528214AB60059F2C3 /* View */ = {
			isa = PBXGroup;
			children = (
				FF2C3059282155FD0059F2C3 /* CatalogCell.swift */,
				FF798F972838DA1D004F3C91 /* LittleTaskCell.swift */,
				FF798F9928391C3A004F3C91 /* AddNewTaskCell.swift */,
			);
			path = View;
			sourceTree = "<group>";
		};
		FF2C305628214AD70059F2C3 /* Services */ = {
			isa = PBXGroup;
			children = (
				FF798F952837D2CF004F3C91 /* DataService.swift */,
			);
			path = Services;
			sourceTree = "<group>";
		};
		FF798F8D2837C927004F3C91 /* Enums */ = {
			isa = PBXGroup;
			children = (
				FF798F902837C998004F3C91 /* TaskType.swift */,
			);
			path = Enums;
			sourceTree = "<group>";
		};
		FF798F922837CF4C004F3C91 /* Extantions */ = {
			isa = PBXGroup;
			children = (
				FF798F932837CF60004F3C91 /* PresentDetails.swift */,
				FF798F9D283927AB004F3C91 /* CloseDelegate.swift */,
				FF798FA3283BBB0D004F3C91 /* DeleteTaskDelegate.swift */,
				FF798FAA283D2345004F3C91 /* ShowAlert.swift */,
			);
			path = Extantions;
			sourceTree = "<group>";
		};
		FF798FA7283D15FD004F3C91 /* Game */ = {
			isa = PBXGroup;
			children = (
				FF798FA8283D1613004F3C91 /* Game.swift */,
			);
			path = Game;
			sourceTree = "<group>";
		};
/* End PBXGroup section */

/* Begin PBXNativeTarget section */
		FF2C303928214A860059F2C3 /* Remember */ = {
			isa = PBXNativeTarget;
			buildConfigurationList = FF2C305128214A8C0059F2C3 /* Build configuration list for PBXNativeTarget "Remember" */;
			buildPhases = (
				FF2C303628214A860059F2C3 /* Sources */,
				FF2C303728214A860059F2C3 /* Frameworks */,
				FF2C303828214A860059F2C3 /* Resources */,
			);
			buildRules = (
			);
			dependencies = (
			);
			name = Remember;
			productName = Remember;
			productReference = FF2C303A28214A870059F2C3 /* Remember.app */;
			productType = "com.apple.product-type.application";
		};
/* End PBXNativeTarget section */

/* Begin PBXProject section */
		FF2C303228214A860059F2C3 /* Project object */ = {
			isa = PBXProject;
			attributes = {
				BuildIndependentTargetsInParallel = 1;
				LastSwiftUpdateCheck = 1330;
				LastUpgradeCheck = 1330;
				TargetAttributes = {
					FF2C303928214A860059F2C3 = {
						CreatedOnToolsVersion = 13.3.1;
					};
				};
			};
			buildConfigurationList = FF2C303528214A860059F2C3 /* Build configuration list for PBXProject "Remember" */;
			compatibilityVersion = "Xcode 13.0";
			developmentRegion = en;
			hasScannedForEncodings = 0;
			knownRegions = (
				en,
				Base,
			);
			mainGroup = FF2C303128214A860059F2C3;
			productRefGroup = FF2C303B28214A870059F2C3 /* Products */;
			projectDirPath = "";
			projectRoot = "";
			targets = (
				FF2C303928214A860059F2C3 /* Remember */,
			);
		};
/* End PBXProject section */

/* Begin PBXResourcesBuildPhase section */
		FF2C303828214A860059F2C3 /* Resources */ = {
			isa = PBXResourcesBuildPhase;
			buildActionMask = 2147483647;
			files = (
				FF2C304D28214A8C0059F2C3 /* LaunchScreen.storyboard in Resources */,
				FF2C304A28214A8C0059F2C3 /* Assets.xcassets in Resources */,
				FF2C304528214A870059F2C3 /* Main.storyboard in Resources */,
			);
			runOnlyForDeploymentPostprocessing = 0;
		};
/* End PBXResourcesBuildPhase section */

/* Begin PBXSourcesBuildPhase section */
		FF2C303628214A860059F2C3 /* Sources */ = {
			isa = PBXSourcesBuildPhase;
			buildActionMask = 2147483647;
			files = (
				FF798F9C28391CB3004F3C91 /* EditCatalogVC.swift in Sources */,
				FF798FA9283D1613004F3C91 /* Game.swift in Sources */,
				FF798FA028393E6C004F3C91 /* EditTaskVC.swift in Sources */,
				FF798F962837D2CF004F3C91 /* DataService.swift in Sources */,
				FF798F9E283927AB004F3C91 /* CloseDelegate.swift in Sources */,
				FF798FA4283BBB0D004F3C91 /* DeleteTaskDelegate.swift in Sources */,
				FF798FA6283D1428004F3C91 /* ExerciseVC.swift in Sources */,
				FF798F8C2837C72F004F3C91 /* CreateCatalogVC.swift in Sources */,
				FF2C304828214A870059F2C3 /* Remember.xcdatamodeld in Sources */,
				FF2C305A282155FD0059F2C3 /* CatalogCell.swift in Sources */,
				FF2C3058282155450059F2C3 /* MainVC.swift in Sources */,
				FF798F912837C998004F3C91 /* TaskType.swift in Sources */,
				FF798F9A28391C3A004F3C91 /* AddNewTaskCell.swift in Sources */,
				FF798FAB283D2345004F3C91 /* ShowAlert.swift in Sources */,
				FF798FA228396CC9004F3C91 /* CatalogVC.swift in Sources */,
				FF798F982838DA1D004F3C91 /* LittleTaskCell.swift in Sources */,
				FF2C303E28214A870059F2C3 /* AppDelegate.swift in Sources */,
				FF798F942837CF60004F3C91 /* PresentDetails.swift in Sources */,
				FF2C304028214A870059F2C3 /* SceneDelegate.swift in Sources */,
			);
			runOnlyForDeploymentPostprocessing = 0;
		};
/* End PBXSourcesBuildPhase section */

/* Begin PBXVariantGroup section */
		FF2C304328214A870059F2C3 /* Main.storyboard */ = {
			isa = PBXVariantGroup;
			children = (
				FF2C304428214A870059F2C3 /* Base */,
			);
			name = Main.storyboard;
			sourceTree = "<group>";
		};
		FF2C304B28214A8C0059F2C3 /* LaunchScreen.storyboard */ = {
			isa = PBXVariantGroup;
			children = (
				FF2C304C28214A8C0059F2C3 /* Base */,
			);
			name = LaunchScreen.storyboard;
			sourceTree = "<group>";
		};
/* End PBXVariantGroup section */

/* Begin XCBuildConfiguration section */
		FF2C304F28214A8C0059F2C3 /* Debug */ = {
			isa = XCBuildConfiguration;
			buildSettings = {
				ALWAYS_SEARCH_USER_PATHS = NO;
				CLANG_ANALYZER_NONNULL = YES;
				CLANG_ANALYZER_NUMBER_OBJECT_CONVERSION = YES_AGGRESSIVE;
				CLANG_CXX_LANGUAGE_STANDARD = "gnu++17";
				CLANG_ENABLE_MODULES = YES;
				CLANG_ENABLE_OBJC_ARC = YES;
				CLANG_ENABLE_OBJC_WEAK = YES;
				CLANG_WARN_BLOCK_CAPTURE_AUTORELEASING = YES;
				CLANG_WARN_BOOL_CONVERSION = YES;
				CLANG_WARN_COMMA = YES;
				CLANG_WARN_CONSTANT_CONVERSION = YES;
				CLANG_WARN_DEPRECATED_OBJC_IMPLEMENTATIONS = YES;
				CLANG_WARN_DIRECT_OBJC_ISA_USAGE = YES_ERROR;
				CLANG_WARN_DOCUMENTATION_COMMENTS = YES;
				CLANG_WARN_EMPTY_BODY = YES;
				CLANG_WARN_ENUM_CONVERSION = YES;
				CLANG_WARN_INFINITE_RECURSION = YES;
				CLANG_WARN_INT_CONVERSION = YES;
				CLANG_WARN_NON_LITERAL_NULL_CONVERSION = YES;
				CLANG_WARN_OBJC_IMPLICIT_RETAIN_SELF = YES;
				CLANG_WARN_OBJC_LITERAL_CONVERSION = YES;
				CLANG_WARN_OBJC_ROOT_CLASS = YES_ERROR;
				CLANG_WARN_QUOTED_INCLUDE_IN_FRAMEWORK_HEADER = YES;
				CLANG_WARN_RANGE_LOOP_ANALYSIS = YES;
				CLANG_WARN_STRICT_PROTOTYPES = YES;
				CLANG_WARN_SUSPICIOUS_MOVE = YES;
				CLANG_WARN_UNGUARDED_AVAILABILITY = YES_AGGRESSIVE;
				CLANG_WARN_UNREACHABLE_CODE = YES;
				CLANG_WARN__DUPLICATE_METHOD_MATCH = YES;
				COPY_PHASE_STRIP = NO;
				DEBUG_INFORMATION_FORMAT = dwarf;
				ENABLE_STRICT_OBJC_MSGSEND = YES;
				ENABLE_TESTABILITY = YES;
				GCC_C_LANGUAGE_STANDARD = gnu11;
				GCC_DYNAMIC_NO_PIC = NO;
				GCC_NO_COMMON_BLOCKS = YES;
				GCC_OPTIMIZATION_LEVEL = 0;
				GCC_PREPROCESSOR_DEFINITIONS = (
					"DEBUG=1",
					"$(inherited)",
				);
				GCC_WARN_64_TO_32_BIT_CONVERSION = YES;
				GCC_WARN_ABOUT_RETURN_TYPE = YES_ERROR;
				GCC_WARN_UNDECLARED_SELECTOR = YES;
				GCC_WARN_UNINITIALIZED_AUTOS = YES_AGGRESSIVE;
				GCC_WARN_UNUSED_FUNCTION = YES;
				GCC_WARN_UNUSED_VARIABLE = YES;
				IPHONEOS_DEPLOYMENT_TARGET = 15.4;
				MTL_ENABLE_DEBUG_INFO = INCLUDE_SOURCE;
				MTL_FAST_MATH = YES;
				ONLY_ACTIVE_ARCH = YES;
				SDKROOT = iphoneos;
				SWIFT_ACTIVE_COMPILATION_CONDITIONS = DEBUG;
				SWIFT_OPTIMIZATION_LEVEL = "-Onone";
			};
			name = Debug;
		};
		FF2C305028214A8C0059F2C3 /* Release */ = {
			isa = XCBuildConfiguration;
			buildSettings = {
				ALWAYS_SEARCH_USER_PATHS = NO;
				CLANG_ANALYZER_NONNULL = YES;
				CLANG_ANALYZER_NUMBER_OBJECT_CONVERSION = YES_AGGRESSIVE;
				CLANG_CXX_LANGUAGE_STANDARD = "gnu++17";
				CLANG_ENABLE_MODULES = YES;
				CLANG_ENABLE_OBJC_ARC = YES;
				CLANG_ENABLE_OBJC_WEAK = YES;
				CLANG_WARN_BLOCK_CAPTURE_AUTORELEASING = YES;
				CLANG_WARN_BOOL_CONVERSION = YES;
				CLANG_WARN_COMMA = YES;
				CLANG_WARN_CONSTANT_CONVERSION = YES;
				CLANG_WARN_DEPRECATED_OBJC_IMPLEMENTATIONS = YES;
				CLANG_WARN_DIRECT_OBJC_ISA_USAGE = YES_ERROR;
				CLANG_WARN_DOCUMENTATION_COMMENTS = YES;
				CLANG_WARN_EMPTY_BODY = YES;
				CLANG_WARN_ENUM_CONVERSION = YES;
				CLANG_WARN_INFINITE_RECURSION = YES;
				CLANG_WARN_INT_CONVERSION = YES;
				CLANG_WARN_NON_LITERAL_NULL_CONVERSION = YES;
				CLANG_WARN_OBJC_IMPLICIT_RETAIN_SELF = YES;
				CLANG_WARN_OBJC_LITERAL_CONVERSION = YES;
				CLANG_WARN_OBJC_ROOT_CLASS = YES_ERROR;
				CLANG_WARN_QUOTED_INCLUDE_IN_FRAMEWORK_HEADER = YES;
				CLANG_WARN_RANGE_LOOP_ANALYSIS = YES;
				CLANG_WARN_STRICT_PROTOTYPES = YES;
				CLANG_WARN_SUSPICIOUS_MOVE = YES;
				CLANG_WARN_UNGUARDED_AVAILABILITY = YES_AGGRESSIVE;
				CLANG_WARN_UNREACHABLE_CODE = YES;
				CLANG_WARN__DUPLICATE_METHOD_MATCH = YES;
				COPY_PHASE_STRIP = NO;
				DEBUG_INFORMATION_FORMAT = "dwarf-with-dsym";
				ENABLE_NS_ASSERTIONS = NO;
				ENABLE_STRICT_OBJC_MSGSEND = YES;
				GCC_C_LANGUAGE_STANDARD = gnu11;
				GCC_NO_COMMON_BLOCKS = YES;
				GCC_WARN_64_TO_32_BIT_CONVERSION = YES;
				GCC_WARN_ABOUT_RETURN_TYPE = YES_ERROR;
				GCC_WARN_UNDECLARED_SELECTOR = YES;
				GCC_WARN_UNINITIALIZED_AUTOS = YES_AGGRESSIVE;
				GCC_WARN_UNUSED_FUNCTION = YES;
				GCC_WARN_UNUSED_VARIABLE = YES;
				IPHONEOS_DEPLOYMENT_TARGET = 15.4;
				MTL_ENABLE_DEBUG_INFO = NO;
				MTL_FAST_MATH = YES;
				SDKROOT = iphoneos;
				SWIFT_COMPILATION_MODE = wholemodule;
				SWIFT_OPTIMIZATION_LEVEL = "-O";
				VALIDATE_PRODUCT = YES;
			};
			name = Release;
		};
		FF2C305228214A8C0059F2C3 /* Debug */ = {
			isa = XCBuildConfiguration;
			buildSettings = {
				ASSETCATALOG_COMPILER_APPICON_NAME = AppIcon;
				ASSETCATALOG_COMPILER_GLOBAL_ACCENT_COLOR_NAME = AccentColor;
				CODE_SIGN_STYLE = Automatic;
				CURRENT_PROJECT_VERSION = 1;
				DEVELOPMENT_TEAM = AF68Y4A9MG;
				GENERATE_INFOPLIST_FILE = YES;
				INFOPLIST_FILE = Remember/Info.plist;
				INFOPLIST_KEY_UIApplicationSupportsIndirectInputEvents = YES;
				INFOPLIST_KEY_UILaunchStoryboardName = LaunchScreen;
				INFOPLIST_KEY_UIMainStoryboardFile = Main;
				INFOPLIST_KEY_UISupportedInterfaceOrientations_iPad = "UIInterfaceOrientationPortrait UIInterfaceOrientationPortraitUpsideDown UIInterfaceOrientationLandscapeLeft UIInterfaceOrientationLandscapeRight";
				INFOPLIST_KEY_UISupportedInterfaceOrientations_iPhone = "UIInterfaceOrientationPortrait UIInterfaceOrientationLandscapeLeft UIInterfaceOrientationLandscapeRight";
				LD_RUNPATH_SEARCH_PATHS = (
					"$(inherited)",
					"@executable_path/Frameworks",
				);
				MARKETING_VERSION = 1.0;
				PRODUCT_BUNDLE_IDENTIFIER = "-.Remember";
				PRODUCT_NAME = "$(TARGET_NAME)";
				SWIFT_EMIT_LOC_STRINGS = YES;
				SWIFT_VERSION = 5.0;
				TARGETED_DEVICE_FAMILY = "1,2";
			};
			name = Debug;
		};
		FF2C305328214A8C0059F2C3 /* Release */ = {
			isa = XCBuildConfiguration;
			buildSettings = {
				ASSETCATALOG_COMPILER_APPICON_NAME = AppIcon;
				ASSETCATALOG_COMPILER_GLOBAL_ACCENT_COLOR_NAME = AccentColor;
				CODE_SIGN_STYLE = Automatic;
				CURRENT_PROJECT_VERSION = 1;
				DEVELOPMENT_TEAM = AF68Y4A9MG;
				GENERATE_INFOPLIST_FILE = YES;
				INFOPLIST_FILE = Remember/Info.plist;
				INFOPLIST_KEY_UIApplicationSupportsIndirectInputEvents = YES;
				INFOPLIST_KEY_UILaunchStoryboardName = LaunchScreen;
				INFOPLIST_KEY_UIMainStoryboardFile = Main;
				INFOPLIST_KEY_UISupportedInterfaceOrientations_iPad = "UIInterfaceOrientationPortrait UIInterfaceOrientationPortraitUpsideDown UIInterfaceOrientationLandscapeLeft UIInterfaceOrientationLandscapeRight";
				INFOPLIST_KEY_UISupportedInterfaceOrientations_iPhone = "UIInterfaceOrientationPortrait UIInterfaceOrientationLandscapeLeft UIInterfaceOrientationLandscapeRight";
				LD_RUNPATH_SEARCH_PATHS = (
					"$(inherited)",
					"@executable_path/Frameworks",
				);
				MARKETING_VERSION = 1.0;
				PRODUCT_BUNDLE_IDENTIFIER = "-.Remember";
				PRODUCT_NAME = "$(TARGET_NAME)";
				SWIFT_EMIT_LOC_STRINGS = YES;
				SWIFT_VERSION = 5.0;
				TARGETED_DEVICE_FAMILY = "1,2";
			};
			name = Release;
		};
/* End XCBuildConfiguration section */

/* Begin XCConfigurationList section */
		FF2C303528214A860059F2C3 /* Build configuration list for PBXProject "Remember" */ = {
			isa = XCConfigurationList;
			buildConfigurations = (
				FF2C304F28214A8C0059F2C3 /* Debug */,
				FF2C305028214A8C0059F2C3 /* Release */,
			);
			defaultConfigurationIsVisible = 0;
			defaultConfigurationName = Release;
		};
		FF2C305128214A8C0059F2C3 /* Build configuration list for PBXNativeTarget "Remember" */ = {
			isa = XCConfigurationList;
			buildConfigurations = (
				FF2C305228214A8C0059F2C3 /* Debug */,
				FF2C305328214A8C0059F2C3 /* Release */,
			);
			defaultConfigurationIsVisible = 0;
			defaultConfigurationName = Release;
		};
/* End XCConfigurationList section */

/* Begin XCVersionGroup section */
		FF2C304628214A870059F2C3 /* Remember.xcdatamodeld */ = {
			isa = XCVersionGroup;
			children = (
				FF2C304728214A870059F2C3 /* Remember.xcdatamodel */,
			);
			currentVersion = FF2C304728214A870059F2C3 /* Remember.xcdatamodel */;
			path = Remember.xcdatamodeld;
			sourceTree = "<group>";
			versionGroupType = wrapper.xcdatamodel;
		};
/* End XCVersionGroup section */
	};
	rootObject = FF2C303228214A860059F2C3 /* Project object */;
}
